{
  "name": "flatpacker",
  "version": "1.0.0",
  "lockfileVersion": 3,
  "requires": true,
  "packages": {
    "": {
      "name": "flatpacker",
      "version": "1.0.0",
      "license": "ISC",
      "workspaces": [
        "apps/sheet-cutter",
        "apps/web",
        "packages/ui"
      ]
    },
    "apps/sheet-cutter": {
      "version": "1.0.0",
      "license": "ISC"
    },
    "apps/web": {
      "version": "1.0.0",
      "license": "ISC"
    },
    "node_modules/sheet-cutter": {
      "resolved": "apps/sheet-cutter",
      "link": true
    },
    "node_modules/ui": {
      "resolved": "packages/ui",
      "link": true
    },
    "node_modules/web": {
      "resolved": "apps/web",
      "link": true
    },
    "packages/ui": {
      "version": "1.0.0",
      "license": "ISC"
    }
  }
}
